
Microsoft Visual Studio Solution File, Format Version 12.00
# Visual Studio Version 17
VisualStudioVersion = 17.14.36623.8 d17.14
MinimumVisualStudioVersion = 10.0.40219.1
Project("{FAE04EC0-301F-11D3-BF4B-00C04F79EFBC}") = "MidiFlexRadioController", "MidiFlexRadioController.csproj", "{80FDF09A-7949-418D-AD06-DCB3682B2894}"
EndProject
Project("{FAE04EC0-301F-11D3-BF4B-00C04F79EFBC}") = "FlexLib", "..\FlexRadio\FlexLib_API_v4.0.1.39161\FlexLib\FlexLib.csproj", "{02C450F9-34E3-31B5-F80A-78D577B1F58F}"
EndProject
Global
	GlobalSection(SolutionConfigurationPlatforms) = preSolution
		Debug|Any CPU = Debug|Any CPU
		Release|Any CPU = Release|Any CPU
	EndGlobalSection
	GlobalSection(ProjectConfigurationPlatforms) = postSolution
		{80FDF09A-7949-418D-AD06-DCB3682B2894}.Debug|Any CPU.ActiveCfg = Debug|Any CPU
		{80FDF09A-7949-418D-AD06-DCB3682B2894}.Debug|Any CPU.Build.0 = Debug|Any CPU
		{80FDF09A-7949-418D-AD06-DCB3682B2894}.Release|Any CPU.ActiveCfg = Release|Any CPU
		{80FDF09A-7949-418D-AD06-DCB3682B2894}.Release|Any CPU.Build.0 = Release|Any CPU
		{02C450F9-34E3-31B5-F80A-78D577B1F58F}.Debug|Any CPU.ActiveCfg = Debug|Any CPU
		{02C450F9-34E3-31B5-F80A-78D577B1F58F}.Debug|Any CPU.Build.0 = Debug|Any CPU
		{02C450F9-34E3-31B5-F80A-78D577B1F58F}.Release|Any CPU.ActiveCfg = Release|Any CPU
		{02C450F9-34E3-31B5-F80A-78D577B1F58F}.Release|Any CPU.Build.0 = Release|Any CPU
	EndGlobalSection
	GlobalSection(SolutionProperties) = preSolution
		HideSolutionNode = FALSE
	EndGlobalSection
	GlobalSection(ExtensibilityGlobals) = postSolution
		SolutionGuid = {8476903F-BE23-45B7-B380-3B0C4B816875}
	EndGlobalSection
EndGlobal
